<?xml version="1.0" encoding="utf-8"?>
<Project ToolsVersion="4.0" xmlns="http://schemas.microsoft.com/developer/msbuild/2003">
  <ItemGroup>
    <Filter Include="源文件">
      <UniqueIdentifier>{4FC737F1-C7A5-4376-A066-2A32D752A2FF}</UniqueIdentifier>
      <Extensions>cpp;c;cc;cxx;def;odl;idl;hpj;bat;asm;asmx</Extensions>
    </Filter>
    <Filter Include="头文件">
      <UniqueIdentifier>{93995380-89BD-4b04-88EB-625FBE52EBFB}</UniqueIdentifier>
      <Extensions>h;hh;hpp;hxx;hm;inl;inc;xsd</Extensions>
    </Filter>
    <Filter Include="资源文件">
      <UniqueIdentifier>{67DA6AB6-F800-4c08-8B7A-83BB121AAD01}</UniqueIdentifier>
      <Extensions>rc;ico;cur;bmp;dlg;rc2;rct;bin;rgs;gif;jpg;jpeg;jpe;resx;tiff;tif;png;wav;mfcribbon-ms</Extensions>
    </Filter>
  </ItemGroup>
  <ItemGroup>
    <ClInclude Include="b23.h">
      <Filter>头文件</Filter>
    </ClInclude>
    <ClInclude Include="backwards.h">
      <Filter>头文件</Filter>
    </ClInclude>
    <ClInclude Include="backwards_impl.h">
      <Filter>头文件</Filter>
    </ClInclude>
    <ClInclude Include="bounds.h">
      <Filter>头文件</Filter>
    </ClInclude>
    <ClInclude Include="common.h">
      <Filter>头文件</Filter>
    </ClInclude>
    <ClInclude Include="compat.h">
      <Filter>头文件</Filter>
    </ClInclude>
    <ClInclude Include="config.h">
      <Filter>头文件</Filter>
    </ClInclude>
    <ClInclude Include="derivs.h">
      <Filter>头文件</Filter>
    </ClInclude>
    <ClInclude Include="region1.h">
      <Filter>头文件</Filter>
    </ClInclude>
    <ClInclude Include="region2.h">
      <Filter>头文件</Filter>
    </ClInclude>
    <ClInclude Include="region3.h">
      <Filter>头文件</Filter>
    </ClInclude>
    <ClInclude Include="region4.h">
      <Filter>头文件</Filter>
    </ClInclude>
    <ClInclude Include="solver2.h">
      <Filter>头文件</Filter>
    </ClInclude>
    <ClInclude Include="steam.h">
      <Filter>头文件</Filter>
    </ClInclude>
    <ClInclude Include="steam_ph.h">
      <Filter>头文件</Filter>
    </ClInclude>
    <ClInclude Include="steam_ps.h">
      <Filter>头文件</Filter>
    </ClInclude>
    <ClInclude Include="steam_pT.h">
      <Filter>头文件</Filter>
    </ClInclude>
    <ClInclude Include="steam_pu.h">
      <Filter>头文件</Filter>
    </ClInclude>
    <ClInclude Include="steam_pv.h">
      <Filter>头文件</Filter>
    </ClInclude>
    <ClInclude Include="steam_Ts.h">
      <Filter>头文件</Filter>
    </ClInclude>
    <ClInclude Include="steam_Tx.h">
      <Filter>头文件</Filter>
    </ClInclude>
    <ClInclude Include="steam_uv.h">
      <Filter>头文件</Filter>
    </ClInclude>
    <ClInclude Include="surftens.h">
      <Filter>头文件</Filter>
    </ClInclude>
    <ClInclude Include="thcond.h">
      <Filter>头文件</Filter>
    </ClInclude>
    <ClInclude Include="viscosity.h">
      <Filter>头文件</Filter>
    </ClInclude>
    <ClInclude Include="zeroin.h">
      <Filter>头文件</Filter>
    </ClInclude>
  </ItemGroup>
  <ItemGroup>
    <ClCompile Include="b23.c">
      <Filter>源文件</Filter>
    </ClCompile>
    <ClCompile Include="backwards.c">
      <Filter>源文件</Filter>
    </ClCompile>
    <ClCompile Include="bounds.c">
      <Filter>源文件</Filter>
    </ClCompile>
    <ClCompile Include="common.c">
      <Filter>源文件</Filter>
    </ClCompile>
    <ClCompile Include="derivs.c">
      <Filter>源文件</Filter>
    </ClCompile>
    <ClCompile Include="region1.c">
      <Filter>源文件</Filter>
    </ClCompile>
    <ClCompile Include="region2.c">
      <Filter>源文件</Filter>
    </ClCompile>
    <ClCompile Include="region3.c">
      <Filter>源文件</Filter>
    </ClCompile>
    <ClCompile Include="region4.c">
      <Filter>源文件</Filter>
    </ClCompile>
    <ClCompile Include="solver2.c">
      <Filter>源文件</Filter>
    </ClCompile>
    <ClCompile Include="steam.c">
      <Filter>源文件</Filter>
    </ClCompile>
    <ClCompile Include="steam_ph.c">
      <Filter>源文件</Filter>
    </ClCompile>
    <ClCompile Include="steam_ps.c">
      <Filter>源文件</Filter>
    </ClCompile>
    <ClCompile Include="steam_pT.c">
      <Filter>源文件</Filter>
    </ClCompile>
    <ClCompile Include="steam_pu.c">
      <Filter>源文件</Filter>
    </ClCompile>
    <ClCompile Include="steam_pv.c">
      <Filter>源文件</Filter>
    </ClCompile>
    <ClCompile Include="steam_Ts.c">
      <Filter>源文件</Filter>
    </ClCompile>
    <ClCompile Include="steam_Tx.c">
      <Filter>源文件</Filter>
    </ClCompile>
    <ClCompile Include="surftens.c">
      <Filter>源文件</Filter>
    </ClCompile>
    <ClCompile Include="thcond.c">
      <Filter>源文件</Filter>
    </ClCompile>
    <ClCompile Include="viscosity.c">
      <Filter>源文件</Filter>
    </ClCompile>
    <ClCompile Include="zeroin.c">
      <Filter>源文件</Filter>
    </ClCompile>
  </ItemGroup>
  <ItemGroup>
    <None Include="DEFFile.def">
      <Filter>源文件</Filter>
    </None>
  </ItemGroup>
</Project>